
Microsoft Visual Studio Solution File, Format Version 12.00
# Visual Studio 15
VisualStudioVersion = 15.0.28010.2003
MinimumVisualStudioVersion = 10.0.40219.1
Project("{9A19103F-16F7-4668-BE54-9A1E7A4F7556}") = "SamuraiApp.Data", "SamuraiApp.Data\SamuraiApp.Data.csproj", "{191B1D4C-056F-45D4-9F93-5334C035F358}"
EndProject
Project("{9A19103F-16F7-4668-BE54-9A1E7A4F7556}") = "SamuraiApp.Domain", "SamuraiApp.Domain\SamuraiApp.Domain.csproj", "{644896B0-6C05-4E64-96AF-8C475A508D43}"
EndProject
Project("{9A19103F-16F7-4668-BE54-9A1E7A4F7556}") = "SomeUI", "SomeUI\SomeUI.csproj", "{83518D1A-E3BC-4708-957F-E5A413AF3EE4}"
EndProject
Global
	GlobalSection(SolutionConfigurationPlatforms) = preSolution
		Debug|Any CPU = Debug|Any CPU
		Release|Any CPU = Release|Any CPU
	EndGlobalSection
	GlobalSection(ProjectConfigurationPlatforms) = postSolution
		{191B1D4C-056F-45D4-9F93-5334C035F358}.Debug|Any CPU.ActiveCfg = Debug|Any CPU
		{191B1D4C-056F-45D4-9F93-5334C035F358}.Debug|Any CPU.Build.0 = Debug|Any CPU
		{191B1D4C-056F-45D4-9F93-5334C035F358}.Release|Any CPU.ActiveCfg = Release|Any CPU
		{191B1D4C-056F-45D4-9F93-5334C035F358}.Release|Any CPU.Build.0 = Release|Any CPU
		{644896B0-6C05-4E64-96AF-8C475A508D43}.Debug|Any CPU.ActiveCfg = Debug|Any CPU
		{644896B0-6C05-4E64-96AF-8C475A508D43}.Debug|Any CPU.Build.0 = Debug|Any CPU
		{644896B0-6C05-4E64-96AF-8C475A508D43}.Release|Any CPU.ActiveCfg = Release|Any CPU
		{644896B0-6C05-4E64-96AF-8C475A508D43}.Release|Any CPU.Build.0 = Release|Any CPU
		{83518D1A-E3BC-4708-957F-E5A413AF3EE4}.Debug|Any CPU.ActiveCfg = Debug|Any CPU
		{83518D1A-E3BC-4708-957F-E5A413AF3EE4}.Debug|Any CPU.Build.0 = Debug|Any CPU
		{83518D1A-E3BC-4708-957F-E5A413AF3EE4}.Release|Any CPU.ActiveCfg = Release|Any CPU
		{83518D1A-E3BC-4708-957F-E5A413AF3EE4}.Release|Any CPU.Build.0 = Release|Any CPU
	EndGlobalSection
	GlobalSection(SolutionProperties) = preSolution
		HideSolutionNode = FALSE
	EndGlobalSection
	GlobalSection(ExtensibilityGlobals) = postSolution
		SolutionGuid = {88AD46DE-506B-4F24-BEAF-6920FA13445D}
	EndGlobalSection
EndGlobal
